<?xml version="1.0" encoding="utf-8"?>
<Project ToolsVersion="4.0" xmlns="http://schemas.microsoft.com/developer/msbuild/2003">
  <ItemGroup>
    <Filter Include="WebSocket">
      <UniqueIdentifier>{a79616e0-0080-4345-8275-6d4d5c0d2e3d}</UniqueIdentifier>
    </Filter>
    <Filter Include="FaceDetection">
      <UniqueIdentifier>{f1f377a5-663f-4175-a4e3-991ee5092a0e}</UniqueIdentifier>
    </Filter>
  </ItemGroup>
  <ItemGroup>
    <ClInclude Include="include\beast.hpp">
      <Filter>WebSocket</Filter>
    </ClInclude>
    <ClInclude Include="include\http_session.hpp">
      <Filter>WebSocket</Filter>
    </ClInclude>
    <ClInclude Include="include\websocket_session.hpp">
      <Filter>WebSocket</Filter>
    </ClInclude>
    <ClInclude Include="include\shared_state.hpp">
      <Filter>WebSocket</Filter>
    </ClInclude>
    <ClInclude Include="include\net.hpp">
      <Filter>WebSocket</Filter>
    </ClInclude>
    <ClInclude Include="include\listener.hpp">
      <Filter>WebSocket</Filter>
    </ClInclude>
    <ClInclude Include="include\visualizer.hpp">
      <Filter>FaceDetection</Filter>
    </ClInclude>
    <ClInclude Include="include\face.hpp">
      <Filter>FaceDetection</Filter>
    </ClInclude>
    <ClInclude Include="include\interactive_face_detection.hpp">
      <Filter>FaceDetection</Filter>
    </ClInclude>
    <ClInclude Include="include\detectors.hpp">
      <Filter>FaceDetection</Filter>
    </ClInclude>
    <ClInclude Include="include\exporter.hpp" />
  </ItemGroup>
  <ItemGroup>
    <ClCompile Include="src\shared_state.cpp">
      <Filter>WebSocket</Filter>
    </ClCompile>
    <ClCompile Include="src\http_session.cpp">
      <Filter>WebSocket</Filter>
    </ClCompile>
    <ClCompile Include="src\websocket_session.cpp">
      <Filter>WebSocket</Filter>
    </ClCompile>
    <ClCompile Include="src\listener.cpp">
      <Filter>WebSocket</Filter>
    </ClCompile>
    <ClCompile Include="src\visualizer.cpp">
      <Filter>FaceDetection</Filter>
    </ClCompile>
    <ClCompile Include="src\detectors.cpp">
      <Filter>FaceDetection</Filter>
    </ClCompile>
    <ClCompile Include="src\face.cpp">
      <Filter>FaceDetection</Filter>
    </ClCompile>
    <ClCompile Include="main.cpp" />
    <ClCompile Include="src\exporter.cpp" />
  </ItemGroup>
  <ItemGroup>
    <None Include="OpenVINOFaceDetectionServer.config" />
  </ItemGroup>
</Project>